
Microsoft Visual Studio Solution File, Format Version 11.00
# Visual Studio 2010
Project("{FAE04EC0-301F-11D3-BF4B-00C04F79EFBC}") = "ZinOS", "ZinOS\ZinOS.csproj", "{5E9ED65D-2062-4B9F-9685-056B83CD1E97}"
EndProject
Project("{FAE04EC0-301F-11D3-BF4B-00C04F79EFBC}") = "ZinOS.Configuration", "ZinOS.Configuration\ZinOS.Configuration.csproj", "{EFEDB662-DF59-4CAA-B42F-30D524F9F927}"
EndProject
Project("{FAE04EC0-301F-11D3-BF4B-00C04F79EFBC}") = "ZinOS.Services.Definitions", "ZinOS.Services\ZinOS.Services.Definitions.csproj", "{D3056406-4662-4023-82BC-39FF907E310D}"
EndProject
Project("{FAE04EC0-301F-11D3-BF4B-00C04F79EFBC}") = "ZinOS.Services.Implementation", "ZinOS.Services.Implementation\ZinOS.Services.Implementation.csproj", "{B3F0E87F-DA2A-4174-A8D2-BCDE6A08A56A}"
EndProject
Project("{2150E333-8FDC-42A3-9474-1A3956D46DE8}") = "Solution Items", "Solution Items", "{A2E77C4D-BD72-4AC3-BA99-63B2EC04742D}"
EndProject
Project("{FAE04EC0-301F-11D3-BF4B-00C04F79EFBC}") = "ZinOS.Common", "ZinOS.Common\ZinOS.Common.csproj", "{B70456C7-3045-4BA9-A1FC-3195E172491F}"
EndProject
Project("{FAE04EC0-301F-11D3-BF4B-00C04F79EFBC}") = "ZinOS.Data.Entities", "ZinOS.Data.Entities\ZinOS.Data.Entities.csproj", "{FE49D740-BF64-49F7-87F3-A65B65CBA74E}"
EndProject
Project("{FAE04EC0-301F-11D3-BF4B-00C04F79EFBC}") = "ZinOS.Repositories.Definitions", "ZinOS.Repositories.Definitions\ZinOS.Repositories.Definitions.csproj", "{75E4AEE2-4E27-4C42-A91F-893B5CA9B5EF}"
EndProject
Project("{FAE04EC0-301F-11D3-BF4B-00C04F79EFBC}") = "ZinOS.Repositories.Implementation", "ZinOS.Repositories.Implementation\ZinOS.Repositories.Implementation.csproj", "{76D48B11-D2F7-46ED-ADAF-2F218237D77B}"
EndProject
Global
	GlobalSection(TestCaseManagementSettings) = postSolution
		CategoryFile = ZinOS_Prototype.vsmdi
	EndGlobalSection
	GlobalSection(SolutionConfigurationPlatforms) = preSolution
		Debug|Any CPU = Debug|Any CPU
		Debug|Mixed Platforms = Debug|Mixed Platforms
		Debug|x86 = Debug|x86
		Release|Any CPU = Release|Any CPU
		Release|Mixed Platforms = Release|Mixed Platforms
		Release|x86 = Release|x86
	EndGlobalSection
	GlobalSection(ProjectConfigurationPlatforms) = postSolution
		{5E9ED65D-2062-4B9F-9685-056B83CD1E97}.Debug|Any CPU.ActiveCfg = Debug|Any CPU
		{5E9ED65D-2062-4B9F-9685-056B83CD1E97}.Debug|Any CPU.Build.0 = Debug|Any CPU
		{5E9ED65D-2062-4B9F-9685-056B83CD1E97}.Debug|Mixed Platforms.ActiveCfg = Debug|Any CPU
		{5E9ED65D-2062-4B9F-9685-056B83CD1E97}.Debug|Mixed Platforms.Build.0 = Debug|Any CPU
		{5E9ED65D-2062-4B9F-9685-056B83CD1E97}.Debug|x86.ActiveCfg = Debug|Any CPU
		{5E9ED65D-2062-4B9F-9685-056B83CD1E97}.Release|Any CPU.ActiveCfg = Release|Any CPU
		{5E9ED65D-2062-4B9F-9685-056B83CD1E97}.Release|Any CPU.Build.0 = Release|Any CPU
		{5E9ED65D-2062-4B9F-9685-056B83CD1E97}.Release|Mixed Platforms.ActiveCfg = Release|Any CPU
		{5E9ED65D-2062-4B9F-9685-056B83CD1E97}.Release|Mixed Platforms.Build.0 = Release|Any CPU
		{5E9ED65D-2062-4B9F-9685-056B83CD1E97}.Release|x86.ActiveCfg = Release|Any CPU
		{EFEDB662-DF59-4CAA-B42F-30D524F9F927}.Debug|Any CPU.ActiveCfg = Debug|Any CPU
		{EFEDB662-DF59-4CAA-B42F-30D524F9F927}.Debug|Any CPU.Build.0 = Debug|Any CPU
		{EFEDB662-DF59-4CAA-B42F-30D524F9F927}.Debug|Mixed Platforms.ActiveCfg = Debug|Any CPU
		{EFEDB662-DF59-4CAA-B42F-30D524F9F927}.Debug|Mixed Platforms.Build.0 = Debug|Any CPU
		{EFEDB662-DF59-4CAA-B42F-30D524F9F927}.Debug|x86.ActiveCfg = Debug|Any CPU
		{EFEDB662-DF59-4CAA-B42F-30D524F9F927}.Release|Any CPU.ActiveCfg = Release|Any CPU
		{EFEDB662-DF59-4CAA-B42F-30D524F9F927}.Release|Any CPU.Build.0 = Release|Any CPU
		{EFEDB662-DF59-4CAA-B42F-30D524F9F927}.Release|Mixed Platforms.ActiveCfg = Release|Any CPU
		{EFEDB662-DF59-4CAA-B42F-30D524F9F927}.Release|Mixed Platforms.Build.0 = Release|Any CPU
		{EFEDB662-DF59-4CAA-B42F-30D524F9F927}.Release|x86.ActiveCfg = Release|Any CPU
		{D3056406-4662-4023-82BC-39FF907E310D}.Debug|Any CPU.ActiveCfg = Debug|Any CPU
		{D3056406-4662-4023-82BC-39FF907E310D}.Debug|Any CPU.Build.0 = Debug|Any CPU
		{D3056406-4662-4023-82BC-39FF907E310D}.Debug|Mixed Platforms.ActiveCfg = Debug|Any CPU
		{D3056406-4662-4023-82BC-39FF907E310D}.Debug|Mixed Platforms.Build.0 = Debug|Any CPU
		{D3056406-4662-4023-82BC-39FF907E310D}.Debug|x86.ActiveCfg = Debug|Any CPU
		{D3056406-4662-4023-82BC-39FF907E310D}.Release|Any CPU.ActiveCfg = Release|Any CPU
		{D3056406-4662-4023-82BC-39FF907E310D}.Release|Any CPU.Build.0 = Release|Any CPU
		{D3056406-4662-4023-82BC-39FF907E310D}.Release|Mixed Platforms.ActiveCfg = Release|Any CPU
		{D3056406-4662-4023-82BC-39FF907E310D}.Release|Mixed Platforms.Build.0 = Release|Any CPU
		{D3056406-4662-4023-82BC-39FF907E310D}.Release|x86.ActiveCfg = Release|Any CPU
		{B3F0E87F-DA2A-4174-A8D2-BCDE6A08A56A}.Debug|Any CPU.ActiveCfg = Debug|Any CPU
		{B3F0E87F-DA2A-4174-A8D2-BCDE6A08A56A}.Debug|Any CPU.Build.0 = Debug|Any CPU
		{B3F0E87F-DA2A-4174-A8D2-BCDE6A08A56A}.Debug|Mixed Platforms.ActiveCfg = Debug|Any CPU
		{B3F0E87F-DA2A-4174-A8D2-BCDE6A08A56A}.Debug|Mixed Platforms.Build.0 = Debug|Any CPU
		{B3F0E87F-DA2A-4174-A8D2-BCDE6A08A56A}.Debug|x86.ActiveCfg = Debug|Any CPU
		{B3F0E87F-DA2A-4174-A8D2-BCDE6A08A56A}.Release|Any CPU.ActiveCfg = Release|Any CPU
		{B3F0E87F-DA2A-4174-A8D2-BCDE6A08A56A}.Release|Any CPU.Build.0 = Release|Any CPU
		{B3F0E87F-DA2A-4174-A8D2-BCDE6A08A56A}.Release|Mixed Platforms.ActiveCfg = Release|Any CPU
		{B3F0E87F-DA2A-4174-A8D2-BCDE6A08A56A}.Release|Mixed Platforms.Build.0 = Release|Any CPU
		{B3F0E87F-DA2A-4174-A8D2-BCDE6A08A56A}.Release|x86.ActiveCfg = Release|Any CPU
		{B70456C7-3045-4BA9-A1FC-3195E172491F}.Debug|Any CPU.ActiveCfg = Debug|Any CPU
		{B70456C7-3045-4BA9-A1FC-3195E172491F}.Debug|Any CPU.Build.0 = Debug|Any CPU
		{B70456C7-3045-4BA9-A1FC-3195E172491F}.Debug|Mixed Platforms.ActiveCfg = Debug|Any CPU
		{B70456C7-3045-4BA9-A1FC-3195E172491F}.Debug|Mixed Platforms.Build.0 = Debug|Any CPU
		{B70456C7-3045-4BA9-A1FC-3195E172491F}.Debug|x86.ActiveCfg = Debug|Any CPU
		{B70456C7-3045-4BA9-A1FC-3195E172491F}.Release|Any CPU.ActiveCfg = Release|Any CPU
		{B70456C7-3045-4BA9-A1FC-3195E172491F}.Release|Any CPU.Build.0 = Release|Any CPU
		{B70456C7-3045-4BA9-A1FC-3195E172491F}.Release|Mixed Platforms.ActiveCfg = Release|Any CPU
		{B70456C7-3045-4BA9-A1FC-3195E172491F}.Release|Mixed Platforms.Build.0 = Release|Any CPU
		{B70456C7-3045-4BA9-A1FC-3195E172491F}.Release|x86.ActiveCfg = Release|Any CPU
		{FE49D740-BF64-49F7-87F3-A65B65CBA74E}.Debug|Any CPU.ActiveCfg = Debug|Any CPU
		{FE49D740-BF64-49F7-87F3-A65B65CBA74E}.Debug|Any CPU.Build.0 = Debug|Any CPU
		{FE49D740-BF64-49F7-87F3-A65B65CBA74E}.Debug|Mixed Platforms.ActiveCfg = Debug|Any CPU
		{FE49D740-BF64-49F7-87F3-A65B65CBA74E}.Debug|Mixed Platforms.Build.0 = Debug|Any CPU
		{FE49D740-BF64-49F7-87F3-A65B65CBA74E}.Debug|x86.ActiveCfg = Debug|Any CPU
		{FE49D740-BF64-49F7-87F3-A65B65CBA74E}.Release|Any CPU.ActiveCfg = Release|Any CPU
		{FE49D740-BF64-49F7-87F3-A65B65CBA74E}.Release|Any CPU.Build.0 = Release|Any CPU
		{FE49D740-BF64-49F7-87F3-A65B65CBA74E}.Release|Mixed Platforms.ActiveCfg = Release|Any CPU
		{FE49D740-BF64-49F7-87F3-A65B65CBA74E}.Release|Mixed Platforms.Build.0 = Release|Any CPU
		{FE49D740-BF64-49F7-87F3-A65B65CBA74E}.Release|x86.ActiveCfg = Release|Any CPU
		{75E4AEE2-4E27-4C42-A91F-893B5CA9B5EF}.Debug|Any CPU.ActiveCfg = Debug|Any CPU
		{75E4AEE2-4E27-4C42-A91F-893B5CA9B5EF}.Debug|Any CPU.Build.0 = Debug|Any CPU
		{75E4AEE2-4E27-4C42-A91F-893B5CA9B5EF}.Debug|Mixed Platforms.ActiveCfg = Debug|Any CPU
		{75E4AEE2-4E27-4C42-A91F-893B5CA9B5EF}.Debug|Mixed Platforms.Build.0 = Debug|Any CPU
		{75E4AEE2-4E27-4C42-A91F-893B5CA9B5EF}.Debug|x86.ActiveCfg = Debug|Any CPU
		{75E4AEE2-4E27-4C42-A91F-893B5CA9B5EF}.Release|Any CPU.ActiveCfg = Release|Any CPU
		{75E4AEE2-4E27-4C42-A91F-893B5CA9B5EF}.Release|Any CPU.Build.0 = Release|Any CPU
		{75E4AEE2-4E27-4C42-A91F-893B5CA9B5EF}.Release|Mixed Platforms.ActiveCfg = Release|Any CPU
		{75E4AEE2-4E27-4C42-A91F-893B5CA9B5EF}.Release|Mixed Platforms.Build.0 = Release|Any CPU
		{75E4AEE2-4E27-4C42-A91F-893B5CA9B5EF}.Release|x86.ActiveCfg = Release|Any CPU
		{76D48B11-D2F7-46ED-ADAF-2F218237D77B}.Debug|Any CPU.ActiveCfg = Debug|Any CPU
		{76D48B11-D2F7-46ED-ADAF-2F218237D77B}.Debug|Any CPU.Build.0 = Debug|Any CPU
		{76D48B11-D2F7-46ED-ADAF-2F218237D77B}.Debug|Mixed Platforms.ActiveCfg = Debug|Any CPU
		{76D48B11-D2F7-46ED-ADAF-2F218237D77B}.Debug|Mixed Platforms.Build.0 = Debug|Any CPU
		{76D48B11-D2F7-46ED-ADAF-2F218237D77B}.Debug|x86.ActiveCfg = Debug|Any CPU
		{76D48B11-D2F7-46ED-ADAF-2F218237D77B}.Release|Any CPU.ActiveCfg = Release|Any CPU
		{76D48B11-D2F7-46ED-ADAF-2F218237D77B}.Release|Any CPU.Build.0 = Release|Any CPU
		{76D48B11-D2F7-46ED-ADAF-2F218237D77B}.Release|Mixed Platforms.ActiveCfg = Release|Any CPU
		{76D48B11-D2F7-46ED-ADAF-2F218237D77B}.Release|Mixed Platforms.Build.0 = Release|Any CPU
		{76D48B11-D2F7-46ED-ADAF-2F218237D77B}.Release|x86.ActiveCfg = Release|Any CPU
	EndGlobalSection
	GlobalSection(SolutionProperties) = preSolution
		HideSolutionNode = FALSE
	EndGlobalSection
EndGlobal
